// !$*UTF8*$!
{
	archiveVersion = 1;
	classes = {
	};
	objectVersion = 48;
	objects = {

/* Begin PBXBuildFile section */
		264B02E4234D281200B6BC49 /* AppDelegate.swift in Sources */ = {isa = PBXBuildFile; fileRef = 264B02E3234D281200B6BC49 /* AppDelegate.swift */; };
		264B02E6234D281200B6BC49 /* ViewController.swift in Sources */ = {isa = PBXBuildFile; fileRef = 264B02E5234D281200B6BC49 /* ViewController.swift */; };
		264B02E9234D281200B6BC49 /* Main.storyboard in Resources */ = {isa = PBXBuildFile; fileRef = 264B02E7234D281200B6BC49 /* Main.storyboard */; };
		264B02EB234D281200B6BC49 /* Assets.xcassets in Resources */ = {isa = PBXBuildFile; fileRef = 264B02EA234D281200B6BC49 /* Assets.xcassets */; };
		264B02EE234D281200B6BC49 /* LaunchScreen.storyboard in Resources */ = {isa = PBXBuildFile; fileRef = 264B02EC234D281200B6BC49 /* LaunchScreen.storyboard */; };
		264B02F9234D281200B6BC49 /* testTests.swift in Sources */ = {isa = PBXBuildFile; fileRef = 264B02F8234D281200B6BC49 /* testTests.swift */; };
		264B0304234D281200B6BC49 /* testUITests.swift in Sources */ = {isa = PBXBuildFile; fileRef = 264B0303234D281200B6BC49 /* testUITests.swift */; };
/* End PBXBuildFile section */

/* Begin PBXContainerItemProxy section */
		264B02F5234D281200B6BC49 /* PBXContainerItemProxy */ = {
			isa = PBXContainerItemProxy;
			containerPortal = 264B02D8234D281200B6BC49 /* Project object */;
			proxyType = 1;
			remoteGlobalIDString = 264B02DF234D281200B6BC49;
			remoteInfo = test;
		};
		264B0300234D281200B6BC49 /* PBXContainerItemProxy */ = {
			isa = PBXContainerItemProxy;
			containerPortal = 264B02D8234D281200B6BC49 /* Project object */;
			proxyType = 1;
			remoteGlobalIDString = 264B02DF234D281200B6BC49;
			remoteInfo = test;
		};
/* End PBXContainerItemProxy section */

/* Begin PBXFileReference section */
		264B02E0234D281200B6BC49 /* test.app */ = {isa = PBXFileReference; explicitFileType = wrapper.application; includeInIndex = 0; path = test.app; sourceTree = BUILT_PRODUCTS_DIR; };
		264B02E3234D281200B6BC49 /* AppDelegate.swift */ = {isa = PBXFileReference; lastKnownFileType = sourcecode.swift; path = AppDelegate.swift; sourceTree = "<group>"; };
		264B02E5234D281200B6BC49 /* ViewController.swift */ = {isa = PBXFileReference; lastKnownFileType = sourcecode.swift; path = ViewController.swift; sourceTree = "<group>"; };
		264B02E8234D281200B6BC49 /* Base */ = {isa = PBXFileReference; lastKnownFileType = file.storyboard; name = Base; path = Base.lproj/Main.storyboard; sourceTree = "<group>"; };
		264B02EA234D281200B6BC49 /* Assets.xcassets */ = {isa = PBXFileReference; lastKnownFileType = folder.assetcatalog; path = Assets.xcassets; sourceTree = "<group>"; };
		264B02ED234D281200B6BC49 /* Base */ = {isa = PBXFileReference; lastKnownFileType = file.storyboard; name = Base; path = Base.lproj/LaunchScreen.storyboard; sourceTree = "<group>"; };
		264B02EF234D281200B6BC49 /* Info.plist */ = {isa = PBXFileReference; lastKnownFileType = text.plist.xml; path = Info.plist; sourceTree = "<group>"; };
		264B02F4234D281200B6BC49 /* testTests.xctest */ = {isa = PBXFileReference; explicitFileType = wrapper.cfbundle; includeInIndex = 0; path = testTests.xctest; sourceTree = BUILT_PRODUCTS_DIR; };
		264B02F8234D281200B6BC49 /* testTests.swift */ = {isa = PBXFileReference; lastKnownFileType = sourcecode.swift; path = testTests.swift; sourceTree = "<group>"; };
		264B02FA234D281200B6BC49 /* Info.plist */ = {isa = PBXFileReference; lastKnownFileType = text.plist.xml; path = Info.plist; sourceTree = "<group>"; };
		264B02FF234D281200B6BC49 /* testUITests.xctest */ = {isa = PBXFileReference; explicitFileType = wrapper.cfbundle; includeInIndex = 0; path = testUITests.xctest; sourceTree = BUILT_PRODUCTS_DIR; };
		264B0303234D281200B6BC49 /* testUITests.swift */ = {isa = PBXFileReference; lastKnownFileType = sourcecode.swift; path = testUITests.swift; sourceTree = "<group>"; };
		264B0305234D281200B6BC49 /* Info.plist */ = {isa = PBXFileReference; lastKnownFileType = text.plist.xml; path = Info.plist; sourceTree = "<group>"; };
/* End PBXFileReference section */

/* Begin PBXFrameworksBuildPhase section */
		264B02DD234D281200B6BC49 /* Frameworks */ = {
			isa = PBXFrameworksBuildPhase;
			buildActionMask = 2147483647;
			files = (
			);
			runOnlyForDeploymentPostprocessing = 0;
		};
		264B02F1234D281200B6BC49 /* Frameworks */ = {
			isa = PBXFrameworksBuildPhase;
			buildActionMask = 2147483647;
			files = (
			);
			runOnlyForDeploymentPostprocessing = 0;
		};
		264B02FC234D281200B6BC49 /* Frameworks */ = {
			isa = PBXFrameworksBuildPhase;
			buildActionMask = 2147483647;
			files = (
			);
			runOnlyForDeploymentPostprocessing = 0;
		};
/* End PBXFrameworksBuildPhase section */

/* Begin PBXGroup section */
		264B02D7234D281200B6BC49 = {
			isa = PBXGroup;
			children = (
				264B02E2234D281200B6BC49 /* test */,
				264B02F7234D281200B6BC49 /* testTests */,
				264B0302234D281200B6BC49 /* testUITests */,
				264B02E1234D281200B6BC49 /* Products */,
			);
			sourceTree = "<group>";
		};
		264B02E1234D281200B6BC49 /* Products */ = {
			isa = PBXGroup;
			children = (
				264B02E0234D281200B6BC49 /* test.app */,
				264B02F4234D281200B6BC49 /* testTests.xctest */,
				264B02FF234D281200B6BC49 /* testUITests.xctest */,
			);
			name = Products;
			sourceTree = "<group>";
		};
		264B02E2234D281200B6BC49 /* test */ = {
			isa = PBXGroup;
			children = (
				264B02E3234D281200B6BC49 /* AppDelegate.swift */,
				264B02E5234D281200B6BC49 /* ViewController.swift */,
				264B02E7234D281200B6BC49 /* Main.storyboard */,
				264B02EA234D281200B6BC49 /* Assets.xcassets */,
				264B02EC234D281200B6BC49 /* LaunchScreen.storyboard */,
				264B02EF234D281200B6BC49 /* Info.plist */,
			);
			path = test;
			sourceTree = "<group>";
		};
		264B02F7234D281200B6BC49 /* testTests */ = {
			isa = PBXGroup;
			children = (
				264B02F8234D281200B6BC49 /* testTests.swift */,
				264B02FA234D281200B6BC49 /* Info.plist */,
			);
			path = testTests;
			sourceTree = "<group>";
		};
		264B0302234D281200B6BC49 /* testUITests */ = {
			isa = PBXGroup;
			children = (
				264B0303234D281200B6BC49 /* testUITests.swift */,
				264B0305234D281200B6BC49 /* Info.plist */,
			);
			path = testUITests;
			sourceTree = "<group>";
		};
/* End PBXGroup section */

/* Begin PBXNativeTarget section */
		264B02DF234D281200B6BC49 /* test */ = {
			isa = PBXNativeTarget;
			buildConfigurationList = 264B0308234D281200B6BC49 /* Build configuration list for PBXNativeTarget "test" */;
			buildPhases = (
				264B02DC234D281200B6BC49 /* Sources */,
				264B02DD234D281200B6BC49 /* Frameworks */,
				264B02DE234D281200B6BC49 /* Resources */,
			);
			buildRules = (
			);
			dependencies = (
			);
			name = test;
			productName = test;
			productReference = 264B02E0234D281200B6BC49 /* test.app */;
			productType = "com.apple.product-type.application";
		};
		264B02F3234D281200B6BC49 /* testTests */ = {
			isa = PBXNativeTarget;
			buildConfigurationList = 264B030B234D281200B6BC49 /* Build configuration list for PBXNativeTarget "testTests" */;
			buildPhases = (
				264B02F0234D281200B6BC49 /* Sources */,
				264B02F1234D281200B6BC49 /* Frameworks */,
				264B02F2234D281200B6BC49 /* Resources */,
			);
			buildRules = (
			);
			dependencies = (
				264B02F6234D281200B6BC49 /* PBXTargetDependency */,
			);
			name = testTests;
			productName = testTests;
			productReference = 264B02F4234D281200B6BC49 /* testTests.xctest */;
			productType = "com.apple.product-type.bundle.unit-test";
		};
		264B02FE234D281200B6BC49 /* testUITests */ = {
			isa = PBXNativeTarget;
			buildConfigurationList = 264B030E234D281200B6BC49 /* Build configuration list for PBXNativeTarget "testUITests" */;
			buildPhases = (
				264B02FB234D281200B6BC49 /* Sources */,
				264B02FC234D281200B6BC49 /* Frameworks */,
				264B02FD234D281200B6BC49 /* Resources */,
			);
			buildRules = (
			);
			dependencies = (
				264B0301234D281200B6BC49 /* PBXTargetDependency */,
			);
			name = testUITests;
			productName = testUITests;
			productReference = 264B02FF234D281200B6BC49 /* testUITests.xctest */;
			productType = "com.apple.product-type.bundle.ui-testing";
		};
/* End PBXNativeTarget section */

/* Begin PBXProject section */
		264B02D8234D281200B6BC49 /* Project object */ = {
			isa = PBXProject;
			attributes = {
				LastSwiftUpdateCheck = 0920;
				LastUpgradeCheck = 0920;
				ORGANIZATIONNAME = "Bailey Baskett";
				TargetAttributes = {
					264B02DF234D281200B6BC49 = {
						CreatedOnToolsVersion = 9.2;
						ProvisioningStyle = Automatic;
					};
					264B02F3234D281200B6BC49 = {
						CreatedOnToolsVersion = 9.2;
						ProvisioningStyle = Automatic;
						TestTargetID = 264B02DF234D281200B6BC49;
					};
					264B02FE234D281200B6BC49 = {
						CreatedOnToolsVersion = 9.2;
						ProvisioningStyle = Automatic;
						TestTargetID = 264B02DF234D281200B6BC49;
					};
				};
			};
			buildConfigurationList = 264B02DB234D281200B6BC49 /* Build configuration list for PBXProject "test" */;
			compatibilityVersion = "Xcode 8.0";
			developmentRegion = en;
			hasScannedForEncodings = 0;
			knownRegions = (
				en,
				Base,
			);
			mainGroup = 264B02D7234D281200B6BC49;
			productRefGroup = 264B02E1234D281200B6BC49 /* Products */;
			projectDirPath = "";
			projectRoot = "";
			targets = (
				264B02DF234D281200B6BC49 /* test */,
				264B02F3234D281200B6BC49 /* testTests */,
				264B02FE234D281200B6BC49 /* testUITests */,
			);
		};
/* End PBXProject section */

/* Begin PBXResourcesBuildPhase section */
		264B02DE234D281200B6BC49 /* Resources */ = {
			isa = PBXResourcesBuildPhase;
			buildActionMask = 2147483647;
			files = (
				264B02EE234D281200B6BC49 /* LaunchScreen.storyboard in Resources */,
				264B02EB234D281200B6BC49 /* Assets.xcassets in Resources */,
				264B02E9234D281200B6BC49 /* Main.storyboard in Resources */,
			);
			runOnlyForDeploymentPostprocessing = 0;
		};
		264B02F2234D281200B6BC49 /* Resources */ = {
			isa = PBXResourcesBuildPhase;
			buildActionMask = 2147483647;
			files = (
			);
			runOnlyForDeploymentPostprocessing = 0;
		};
		264B02FD234D281200B6BC49 /* Resources */ = {
			isa = PBXResourcesBuildPhase;
			buildActionMask = 2147483647;
			files = (
			);
			runOnlyForDeploymentPostprocessing = 0;
		};
/* End PBXResourcesBuildPhase section */

/* Begin PBXSourcesBuildPhase section */
		264B02DC234D281200B6BC49 /* Sources */ = {
			isa = PBXSourcesBuildPhase;
			buildActionMask = 2147483647;
			files = (
				264B02E6234D281200B6BC49 /* ViewController.swift in Sources */,
				264B02E4234D281200B6BC49 /* AppDelegate.swift in Sources */,
			);
			runOnlyForDeploymentPostprocessing = 0;
		};
		264B02F0234D281200B6BC49 /* Sources */ = {
			isa = PBXSourcesBuildPhase;
			buildActionMask = 2147483647;
			files = (
				264B02F9234D281200B6BC49 /* testTests.swift in Sources */,
			);
			runOnlyForDeploymentPostprocessing = 0;
		};
		264B02FB234D281200B6BC49 /* Sources */ = {
			isa = PBXSourcesBuildPhase;
			buildActionMask = 2147483647;
			files = (
				264B0304234D281200B6BC49 /* testUITests.swift in Sources */,
			);
			runOnlyForDeploymentPostprocessing = 0;
		};
/* End PBXSourcesBuildPhase section */

/* Begin PBXTargetDependency section */
		264B02F6234D281200B6BC49 /* PBXTargetDependency */ = {
			isa = PBXTargetDependency;
			target = 264B02DF234D281200B6BC49 /* test */;
			targetProxy = 264B02F5234D281200B6BC49 /* PBXContainerItemProxy */;
		};
		264B0301234D281200B6BC49 /* PBXTargetDependency */ = {
			isa = PBXTargetDependency;
			target = 264B02DF234D281200B6BC49 /* test */;
			targetProxy = 264B0300234D281200B6BC49 /* PBXContainerItemProxy */;
		};
/* End PBXTargetDependency section */

/* Begin PBXVariantGroup section */
		264B02E7234D281200B6BC49 /* Main.storyboard */ = {
			isa = PBXVariantGroup;
			children = (
				264B02E8234D281200B6BC49 /* Base */,
			);
			name = Main.storyboard;
			sourceTree = "<group>";
		};
		264B02EC234D281200B6BC49 /* LaunchScreen.storyboard */ = {
			isa = PBXVariantGroup;
			children = (
				264B02ED234D281200B6BC49 /* Base */,
			);
			name = LaunchScreen.storyboard;
			sourceTree = "<group>";
		};
/* End PBXVariantGroup section */

/* Begin XCBuildConfiguration section */
		264B0306234D281200B6BC49 /* Debug */ = {
			isa = XCBuildConfiguration;
			buildSettings = {
				ALWAYS_SEARCH_USER_PATHS = NO;
				CLANG_ANALYZER_NONNULL = YES;
				CLANG_ANALYZER_NUMBER_OBJECT_CONVERSION = YES_AGGRESSIVE;
				CLANG_CXX_LANGUAGE_STANDARD = "gnu++14";
				CLANG_CXX_LIBRARY = "libc++";
				CLANG_ENABLE_MODULES = YES;
				CLANG_ENABLE_OBJC_ARC = YES;
				CLANG_WARN_BLOCK_CAPTURE_AUTORELEASING = YES;
				CLANG_WARN_BOOL_CONVERSION = YES;
				CLANG_WARN_COMMA = YES;
				CLANG_WARN_CONSTANT_CONVERSION = YES;
				CLANG_WARN_DIRECT_OBJC_ISA_USAGE = YES_ERROR;
				CLANG_WARN_DOCUMENTATION_COMMENTS = YES;
				CLANG_WARN_EMPTY_BODY = YES;
				CLANG_WARN_ENUM_CONVERSION = YES;
				CLANG_WARN_INFINITE_RECURSION = YES;
				CLANG_WARN_INT_CONVERSION = YES;
				CLANG_WARN_NON_LITERAL_NULL_CONVERSION = YES;
				CLANG_WARN_OBJC_LITERAL_CONVERSION = YES;
				CLANG_WARN_OBJC_ROOT_CLASS = YES_ERROR;
				CLANG_WARN_RANGE_LOOP_ANALYSIS = YES;
				CLANG_WARN_STRICT_PROTOTYPES = YES;
				CLANG_WARN_SUSPICIOUS_MOVE = YES;
				CLANG_WARN_UNGUARDED_AVAILABILITY = YES_AGGRESSIVE;
				CLANG_WARN_UNREACHABLE_CODE = YES;
				CLANG_WARN__DUPLICATE_METHOD_MATCH = YES;
				CODE_SIGN_IDENTITY = "iPhone Developer";
				COPY_PHASE_STRIP = NO;
				DEBUG_INFORMATION_FORMAT = dwarf;
				ENABLE_STRICT_OBJC_MSGSEND = YES;
				ENABLE_TESTABILITY = YES;
				GCC_C_LANGUAGE_STANDARD = gnu11;
				GCC_DYNAMIC_NO_PIC = NO;
				GCC_NO_COMMON_BLOCKS = YES;
				GCC_OPTIMIZATION_LEVEL = 0;
				GCC_PREPROCESSOR_DEFINITIONS = (
					"DEBUG=1",
					"$(inherited)",
				);
				GCC_WARN_64_TO_32_BIT_CONVERSION = YES;
				GCC_WARN_ABOUT_RETURN_TYPE = YES_ERROR;
				GCC_WARN_UNDECLARED_SELECTOR = YES;
				GCC_WARN_UNINITIALIZED_AUTOS = YES_AGGRESSIVE;
				GCC_WARN_UNUSED_FUNCTION = YES;
				GCC_WARN_UNUSED_VARIABLE = YES;
				IPHONEOS_DEPLOYMENT_TARGET = 11.2;
				MTL_ENABLE_DEBUG_INFO = YES;
				ONLY_ACTIVE_ARCH = YES;
				SDKROOT = iphoneos;
				SWIFT_ACTIVE_COMPILATION_CONDITIONS = DEBUG;
				SWIFT_OPTIMIZATION_LEVEL = "-Onone";
			};
			name = Debug;
		};
		264B0307234D281200B6BC49 /* Release */ = {
			isa = XCBuildConfiguration;
			buildSettings = {
				ALWAYS_SEARCH_USER_PATHS = NO;
				CLANG_ANALYZER_NONNULL = YES;
				CLANG_ANALYZER_NUMBER_OBJECT_CONVERSION = YES_AGGRESSIVE;
				CLANG_CXX_LANGUAGE_STANDARD = "gnu++14";
				CLANG_CXX_LIBRARY = "libc++";
				CLANG_ENABLE_MODULES = YES;
				CLANG_ENABLE_OBJC_ARC = YES;
				CLANG_WARN_BLOCK_CAPTURE_AUTORELEASING = YES;
				CLANG_WARN_BOOL_CONVERSION = YES;
				CLANG_WARN_COMMA = YES;
				CLANG_WARN_CONSTANT_CONVERSION = YES;
				CLANG_WARN_DIRECT_OBJC_ISA_USAGE = YES_ERROR;
				CLANG_WARN_DOCUMENTATION_COMMENTS = YES;
				CLANG_WARN_EMPTY_BODY = YES;
				CLANG_WARN_ENUM_CONVERSION = YES;
				CLANG_WARN_INFINITE_RECURSION = YES;
				CLANG_WARN_INT_CONVERSION = YES;
				CLANG_WARN_NON_LITERAL_NULL_CONVERSION = YES;
				CLANG_WARN_OBJC_LITERAL_CONVERSION = YES;
				CLANG_WARN_OBJC_ROOT_CLASS = YES_ERROR;
				CLANG_WARN_RANGE_LOOP_ANALYSIS = YES;
				CLANG_WARN_STRICT_PROTOTYPES = YES;
				CLANG_WARN_SUSPICIOUS_MOVE = YES;
				CLANG_WARN_UNGUARDED_AVAILABILITY = YES_AGGRESSIVE;
				CLANG_WARN_UNREACHABLE_CODE = YES;
				CLANG_WARN__DUPLICATE_METHOD_MATCH = YES;
				CODE_SIGN_IDENTITY = "iPhone Developer";
				COPY_PHASE_STRIP = NO;
				DEBUG_INFORMATION_FORMAT = "dwarf-with-dsym";
				ENABLE_NS_ASSERTIONS = NO;
				ENABLE_STRICT_OBJC_MSGSEND = YES;
				GCC_C_LANGUAGE_STANDARD = gnu11;
				GCC_NO_COMMON_BLOCKS = YES;
				GCC_WARN_64_TO_32_BIT_CONVERSION = YES;
				GCC_WARN_ABOUT_RETURN_TYPE = YES_ERROR;
				GCC_WARN_UNDECLARED_SELECTOR = YES;
				GCC_WARN_UNINITIALIZED_AUTOS = YES_AGGRESSIVE;
				GCC_WARN_UNUSED_FUNCTION = YES;
				GCC_WARN_UNUSED_VARIABLE = YES;
				IPHONEOS_DEPLOYMENT_TARGET = 11.2;
				MTL_ENABLE_DEBUG_INFO = NO;
				SDKROOT = iphoneos;
				SWIFT_OPTIMIZATION_LEVEL = "-Owholemodule";
				VALIDATE_PRODUCT = YES;
			};
			name = Release;
		};
		264B0309234D281200B6BC49 /* Debug */ = {
			isa = XCBuildConfiguration;
			buildSettings = {
				ASSETCATALOG_COMPILER_APPICON_NAME = AppIcon;
				CODE_SIGN_STYLE = Automatic;
				INFOPLIST_FILE = test/Info.plist;
				LD_RUNPATH_SEARCH_PATHS = "$(inherited) @executable_path/Frameworks";
				PRODUCT_BUNDLE_IDENTIFIER = bailey.test;
				PRODUCT_NAME = "$(TARGET_NAME)";
				SWIFT_VERSION = 4.0;
				TARGETED_DEVICE_FAMILY = "1,2";
			};
			name = Debug;
		};
		264B030A234D281200B6BC49 /* Release */ = {
			isa = XCBuildConfiguration;
			buildSettings = {
				ASSETCATALOG_COMPILER_APPICON_NAME = AppIcon;
				CODE_SIGN_STYLE = Automatic;
				INFOPLIST_FILE = test/Info.plist;
				LD_RUNPATH_SEARCH_PATHS = "$(inherited) @executable_path/Frameworks";
				PRODUCT_BUNDLE_IDENTIFIER = bailey.test;
				PRODUCT_NAME = "$(TARGET_NAME)";
				SWIFT_VERSION = 4.0;
				TARGETED_DEVICE_FAMILY = "1,2";
			};
			name = Release;
		};
		264B030C234D281200B6BC49 /* Debug */ = {
			isa = XCBuildConfiguration;
			buildSettings = {
				ALWAYS_EMBED_SWIFT_STANDARD_LIBRARIES = YES;
				BUNDLE_LOADER = "$(TEST_HOST)";
				CODE_SIGN_STYLE = Automatic;
				INFOPLIST_FILE = testTests/Info.plist;
				LD_RUNPATH_SEARCH_PATHS = "$(inherited) @executable_path/Frameworks @loader_path/Frameworks";
				PRODUCT_BUNDLE_IDENTIFIER = bailey.testTests;
				PRODUCT_NAME = "$(TARGET_NAME)";
				SWIFT_VERSION = 4.0;
				TARGETED_DEVICE_FAMILY = "1,2";
				TEST_HOST = "$(BUILT_PRODUCTS_DIR)/test.app/test";
			};
			name = Debug;
		};
		264B030D234D281200B6BC49 /* Release */ = {
			isa = XCBuildConfiguration;
			buildSettings = {
				ALWAYS_EMBED_SWIFT_STANDARD_LIBRARIES = YES;
				BUNDLE_LOADER = "$(TEST_HOST)";
				CODE_SIGN_STYLE = Automatic;
				INFOPLIST_FILE = testTests/Info.plist;
				LD_RUNPATH_SEARCH_PATHS = "$(inherited) @executable_path/Frameworks @loader_path/Frameworks";
				PRODUCT_BUNDLE_IDENTIFIER = bailey.testTests;
				PRODUCT_NAME = "$(TARGET_NAME)";
				SWIFT_VERSION = 4.0;
				TARGETED_DEVICE_FAMILY = "1,2";
				TEST_HOST = "$(BUILT_PRODUCTS_DIR)/test.app/test";
			};
			name = Release;
		};
		264B030F234D281200B6BC49 /* Debug */ = {
			isa = XCBuildConfiguration;
			buildSettings = {
				ALWAYS_EMBED_SWIFT_STANDARD_LIBRARIES = YES;
				CODE_SIGN_STYLE = Automatic;
				INFOPLIST_FILE = testUITests/Info.plist;
				LD_RUNPATH_SEARCH_PATHS = "$(inherited) @executable_path/Frameworks @loader_path/Frameworks";
				PRODUCT_BUNDLE_IDENTIFIER = bailey.testUITests;
				PRODUCT_NAME = "$(TARGET_NAME)";
				SWIFT_VERSION = 4.0;
				TARGETED_DEVICE_FAMILY = "1,2";
				TEST_TARGET_NAME = test;
			};
			name = Debug;
		};
		264B0310234D281200B6BC49 /* Release */ = {
			isa = XCBuildConfiguration;
			buildSettings = {
				ALWAYS_EMBED_SWIFT_STANDARD_LIBRARIES = YES;
				CODE_SIGN_STYLE = Automatic;
				INFOPLIST_FILE = testUITests/Info.plist;
				LD_RUNPATH_SEARCH_PATHS = "$(inherited) @executable_path/Frameworks @loader_path/Frameworks";
				PRODUCT_BUNDLE_IDENTIFIER = bailey.testUITests;
				PRODUCT_NAME = "$(TARGET_NAME)";
				SWIFT_VERSION = 4.0;
				TARGETED_DEVICE_FAMILY = "1,2";
				TEST_TARGET_NAME = test;
			};
			name = Release;
		};
/* End XCBuildConfiguration section */

/* Begin XCConfigurationList section */
		264B02DB234D281200B6BC49 /* Build configuration list for PBXProject "test" */ = {
			isa = XCConfigurationList;
			buildConfigurations = (
				264B0306234D281200B6BC49 /* Debug */,
				264B0307234D281200B6BC49 /* Release */,
			);
			defaultConfigurationIsVisible = 0;
			defaultConfigurationName = Release;
		};
		264B0308234D281200B6BC49 /* Build configuration list for PBXNativeTarget "test" */ = {
			isa = XCConfigurationList;
			buildConfigurations = (
				264B0309234D281200B6BC49 /* Debug */,
				264B030A234D281200B6BC49 /* Release */,
			);
			defaultConfigurationIsVisible = 0;
			defaultConfigurationName = Release;
		};
		264B030B234D281200B6BC49 /* Build configuration list for PBXNativeTarget "testTests" */ = {
			isa = XCConfigurationList;
			buildConfigurations = (
				264B030C234D281200B6BC49 /* Debug */,
				264B030D234D281200B6BC49 /* Release */,
			);
			defaultConfigurationIsVisible = 0;
			defaultConfigurationName = Release;
		};
		264B030E234D281200B6BC49 /* Build configuration list for PBXNativeTarget "testUITests" */ = {
			isa = XCConfigurationList;
			buildConfigurations = (
				264B030F234D281200B6BC49 /* Debug */,
				264B0310234D281200B6BC49 /* Release */,
			);
			defaultConfigurationIsVisible = 0;
			defaultConfigurationName = Release;
		};
/* End XCConfigurationList section */
	};
	rootObject = 264B02D8234D281200B6BC49 /* Project object */;
}
